
Microsoft Visual Studio Solution File, Format Version 12.00
# Visual Studio Version 17
VisualStudioVersion = 17.2.32519.379
MinimumVisualStudioVersion = 10.0.40219.1
Project("{FAE04EC0-301F-11D3-BF4B-00C04F79EFBC}") = "TwilioExample", "TwilioExample\TwilioExample.csproj", "{4890A8B3-6AC2-4C0C-9A78-E7C1BC574AED}"
EndProject
Global
	GlobalSection(SolutionConfigurationPlatforms) = preSolution
		Debug|Any CPU = Debug|Any CPU
		Release|Any CPU = Release|Any CPU
	EndGlobalSection
	GlobalSection(ProjectConfigurationPlatforms) = postSolution
		{4890A8B3-6AC2-4C0C-9A78-E7C1BC574AED}.Debug|Any CPU.ActiveCfg = Debug|Any CPU
		{4890A8B3-6AC2-4C0C-9A78-E7C1BC574AED}.Debug|Any CPU.Build.0 = Debug|Any CPU
		{4890A8B3-6AC2-4C0C-9A78-E7C1BC574AED}.Release|Any CPU.ActiveCfg = Release|Any CPU
		{4890A8B3-6AC2-4C0C-9A78-E7C1BC574AED}.Release|Any CPU.Build.0 = Release|Any CPU
	EndGlobalSection
	GlobalSection(SolutionProperties) = preSolution
		HideSolutionNode = FALSE
	EndGlobalSection
	GlobalSection(ExtensibilityGlobals) = postSolution
		SolutionGuid = {34AD0C48-0251-4BB0-82C1-F16AB3336359}
	EndGlobalSection
EndGlobal
